
Microsoft Visual Studio Solution File, Format Version 12.00
# Visual Studio Version 17
VisualStudioVersion = 17.7.34221.43
MinimumVisualStudioVersion = 10.0.40219.1
Project("{FAE04EC0-301F-11D3-BF4B-00C04F79EFBC}") = "Studentdata sortand search", "Studentdata sortand search\Studentdata sortand search.csproj", "{84E922C4-498D-4B78-8B20-3E6BDD245E4E}"
EndProject
Global
	GlobalSection(SolutionConfigurationPlatforms) = preSolution
		Debug|Any CPU = Debug|Any CPU
		Release|Any CPU = Release|Any CPU
	EndGlobalSection
	GlobalSection(ProjectConfigurationPlatforms) = postSolution
		{84E922C4-498D-4B78-8B20-3E6BDD245E4E}.Debug|Any CPU.ActiveCfg = Debug|Any CPU
		{84E922C4-498D-4B78-8B20-3E6BDD245E4E}.Debug|Any CPU.Build.0 = Debug|Any CPU
		{84E922C4-498D-4B78-8B20-3E6BDD245E4E}.Release|Any CPU.ActiveCfg = Release|Any CPU
		{84E922C4-498D-4B78-8B20-3E6BDD245E4E}.Release|Any CPU.Build.0 = Release|Any CPU
	EndGlobalSection
	GlobalSection(SolutionProperties) = preSolution
		HideSolutionNode = FALSE
	EndGlobalSection
	GlobalSection(ExtensibilityGlobals) = postSolution
		SolutionGuid = {769E31C2-31D7-42BB-8E1B-E6340C488D34}
	EndGlobalSection
EndGlobal
